
Microsoft Visual Studio Solution File, Format Version 12.00
# Visual Studio Version 17
VisualStudioVersion = 17.9.34728.123
MinimumVisualStudioVersion = 10.0.40219.1
Project("{FAE04EC0-301F-11D3-BF4B-00C04F79EFBC}") = "RenameFile", "RenameFile\RenameFile.csproj", "{3E88AB1D-1E8A-4ACE-AE0D-65B6EEC6509F}"
EndProject
Global
	GlobalSection(SolutionConfigurationPlatforms) = preSolution
		Debug|Any CPU = Debug|Any CPU
		Release|Any CPU = Release|Any CPU
	EndGlobalSection
	GlobalSection(ProjectConfigurationPlatforms) = postSolution
		{3E88AB1D-1E8A-4ACE-AE0D-65B6EEC6509F}.Debug|Any CPU.ActiveCfg = Debug|Any CPU
		{3E88AB1D-1E8A-4ACE-AE0D-65B6EEC6509F}.Debug|Any CPU.Build.0 = Debug|Any CPU
		{3E88AB1D-1E8A-4ACE-AE0D-65B6EEC6509F}.Release|Any CPU.ActiveCfg = Release|Any CPU
		{3E88AB1D-1E8A-4ACE-AE0D-65B6EEC6509F}.Release|Any CPU.Build.0 = Release|Any CPU
	EndGlobalSection
	GlobalSection(SolutionProperties) = preSolution
		HideSolutionNode = FALSE
	EndGlobalSection
	GlobalSection(ExtensibilityGlobals) = postSolution
		SolutionGuid = {38D5B105-5732-4F4A-8B3D-8CB3142989ED}
	EndGlobalSection
EndGlobal
